// !$*UTF8*$!
{
	archiveVersion = 1;
	classes = {
	};
	objectVersion = 50;
	objects = {

/* Begin PBXBuildFile section */
		85046E83D25DB765A1867B4D /* Pods_LeetCodeProjectTests.framework in Frameworks */ = {isa = PBXBuildFile; fileRef = DCF55F0AFA8742FF3C5AE54E /* Pods_LeetCodeProjectTests.framework */; };
		9201EF7C21BF594D00429546 /* LeetCode322.swift in Sources */ = {isa = PBXBuildFile; fileRef = 9201EF7B21BF594D00429546 /* LeetCode322.swift */; };
		9201EF7E21BFA75B00429546 /* LeetCode47.swift in Sources */ = {isa = PBXBuildFile; fileRef = 9201EF7D21BFA75B00429546 /* LeetCode47.swift */; };
		9201EF8021BFA82000429546 /* LeetCode46.swift in Sources */ = {isa = PBXBuildFile; fileRef = 9201EF7F21BFA82000429546 /* LeetCode46.swift */; };
		9201EF8221BFC20D00429546 /* LeetCode50.swift in Sources */ = {isa = PBXBuildFile; fileRef = 9201EF8121BFC20D00429546 /* LeetCode50.swift */; };
		9201EF8421BFC2BD00429546 /* LeetCode53.swift in Sources */ = {isa = PBXBuildFile; fileRef = 9201EF8321BFC2BD00429546 /* LeetCode53.swift */; };
		9203775821AE2CE5009C691E /* LeetCode119.swift in Sources */ = {isa = PBXBuildFile; fileRef = 9203775721AE2CE5009C691E /* LeetCode119.swift */; };
		9203F5FD21ABE03A00DDB161 /* Result.swift in Sources */ = {isa = PBXBuildFile; fileRef = 9203F5FC21ABE03A00DDB161 /* Result.swift */; };
		92040C2621AD4E6B00688E2C /* LeetCode118.swift in Sources */ = {isa = PBXBuildFile; fileRef = 92040C2521AD4E6B00688E2C /* LeetCode118.swift */; };
		9204C53821BE3DC200212DFB /* LeetCode283.swift in Sources */ = {isa = PBXBuildFile; fileRef = 9204C53721BE3DC200212DFB /* LeetCode283.swift */; };
		9204C53A21BE45E000212DFB /* LeetCode287.swift in Sources */ = {isa = PBXBuildFile; fileRef = 9204C53921BE45E000212DFB /* LeetCode287.swift */; };
		9204C53C21BE473100212DFB /* LeetCode290.swift in Sources */ = {isa = PBXBuildFile; fileRef = 9204C53B21BE473100212DFB /* LeetCode290.swift */; };
		9204C53F21BE5A2C00212DFB /* LeetCode292.swift in Sources */ = {isa = PBXBuildFile; fileRef = 9204C53E21BE5A2C00212DFB /* LeetCode292.swift */; };
		9204C54121BE5B5F00212DFB /* LeetCode300.swift in Sources */ = {isa = PBXBuildFile; fileRef = 9204C54021BE5B5F00212DFB /* LeetCode300.swift */; };
		9204FC5D21A52ED700687D8F /* SwiftyJSON.swift in Sources */ = {isa = PBXBuildFile; fileRef = 9204FC5C21A52ED700687D8F /* SwiftyJSON.swift */; };
		9204FC6121A55C1F00687D8F /* LeetCode112.swift in Sources */ = {isa = PBXBuildFile; fileRef = 9204FC6021A55C1F00687D8F /* LeetCode112.swift */; };
		9204FC6321A562BF00687D8F /* LeetCode113.swift in Sources */ = {isa = PBXBuildFile; fileRef = 9204FC6221A562BF00687D8F /* LeetCode113.swift */; };
		9205975F21B8C85A005B9A65 /* LeetCode181.swift in Sources */ = {isa = PBXBuildFile; fileRef = 9205975E21B8C85A005B9A65 /* LeetCode181.swift */; };
		9205976121B8CE44005B9A65 /* LeetCode200.swift in Sources */ = {isa = PBXBuildFile; fileRef = 9205976021B8CE44005B9A65 /* LeetCode200.swift */; };
		9205976321B902A3005B9A65 /* LeetCode209.swift in Sources */ = {isa = PBXBuildFile; fileRef = 9205976221B902A3005B9A65 /* LeetCode209.swift */; };
		9205976621B9138F005B9A65 /* LeetCodeDAndC.swift in Sources */ = {isa = PBXBuildFile; fileRef = 9205976521B9138F005B9A65 /* LeetCodeDAndC.swift */; };
		9205976821B92978005B9A65 /* LeetCode219.swift in Sources */ = {isa = PBXBuildFile; fileRef = 9205976721B92978005B9A65 /* LeetCode219.swift */; };
		9205F99221BA50B800A2227C /* LeetCode260.swift in Sources */ = {isa = PBXBuildFile; fileRef = 9205F99121BA50B800A2227C /* LeetCode260.swift */; };
		9205F99421BA551000A2227C /* LeetCode229.swift in Sources */ = {isa = PBXBuildFile; fileRef = 9205F99321BA551000A2227C /* LeetCode229.swift */; };
		9205F99621BA5AEC00A2227C /* LeetCode274.swift in Sources */ = {isa = PBXBuildFile; fileRef = 9205F99521BA5AEC00A2227C /* LeetCode274.swift */; };
		9205F99821BA65F700A2227C /* LeetCode275.swift in Sources */ = {isa = PBXBuildFile; fileRef = 9205F99721BA65F700A2227C /* LeetCode275.swift */; };
		9205F99A21BA664A00A2227C /* LeetCode279.swift in Sources */ = {isa = PBXBuildFile; fileRef = 9205F99921BA664A00A2227C /* LeetCode279.swift */; };
		92067F6721A2A876000B5B7A /* LeetCode77.swift in Sources */ = {isa = PBXBuildFile; fileRef = 92067F6621A2A876000B5B7A /* LeetCode77.swift */; };
		9206A278219D1AE400A4570A /* LeetCode58.swift in Sources */ = {isa = PBXBuildFile; fileRef = 9206A277219D1AE400A4570A /* LeetCode58.swift */; };
		9206A27A219D1D3200A4570A /* LeetCode79.swift in Sources */ = {isa = PBXBuildFile; fileRef = 9206A279219D1D3200A4570A /* LeetCode79.swift */; };
		9206A27C219D518600A4570A /* LeetCode96.swift in Sources */ = {isa = PBXBuildFile; fileRef = 9206A27B219D518600A4570A /* LeetCode96.swift */; };
		9206A27E219D51F700A4570A /* LeetCode64.swift in Sources */ = {isa = PBXBuildFile; fileRef = 9206A27D219D51F700A4570A /* LeetCode64.swift */; };
		9206A280219D62B300A4570A /* LeetCode70.swift in Sources */ = {isa = PBXBuildFile; fileRef = 9206A27F219D62B300A4570A /* LeetCode70.swift */; };
		9206A282219D753600A4570A /* LeetCode51.swift in Sources */ = {isa = PBXBuildFile; fileRef = 9206A281219D753600A4570A /* LeetCode51.swift */; };
		9206B0842192DCE600D1C741 /* LeetCode15.swift in Sources */ = {isa = PBXBuildFile; fileRef = 9206B0832192DCE600D1C741 /* LeetCode15.swift */; };
		9206B0862192DE7100D1C741 /* LeetCode48.swift in Sources */ = {isa = PBXBuildFile; fileRef = 9206B0852192DE7100D1C741 /* LeetCode48.swift */; };
		9206B0882192E98600D1C741 /* LeetCode22.swift in Sources */ = {isa = PBXBuildFile; fileRef = 9206B0872192E98600D1C741 /* LeetCode22.swift */; };
		9207116E2195598200929B60 /* LeetCode14.swift in Sources */ = {isa = PBXBuildFile; fileRef = 9207116D2195598200929B60 /* LeetCode14.swift */; };
		920711702195612300929B60 /* LeetCode35.swift in Sources */ = {isa = PBXBuildFile; fileRef = 9207116F2195612300929B60 /* LeetCode35.swift */; };
		920711722195641600929B60 /* LeetCode21.swift in Sources */ = {isa = PBXBuildFile; fileRef = 920711712195641600929B60 /* LeetCode21.swift */; };
		9207117421956B8600929B60 /* LeetCode17.swift in Sources */ = {isa = PBXBuildFile; fileRef = 9207117321956B8600929B60 /* LeetCode17.swift */; };
		92071176219575F800929B60 /* LeetCode5.swift in Sources */ = {isa = PBXBuildFile; fileRef = 92071175219575F800929B60 /* LeetCode5.swift */; };
		9207117821957AEE00929B60 /* LeetCode8.swift in Sources */ = {isa = PBXBuildFile; fileRef = 9207117721957AEE00929B60 /* LeetCode8.swift */; };
		9207C20E21995E29006F7A40 /* LeetCode11.swift in Sources */ = {isa = PBXBuildFile; fileRef = 9207C20D21995E29006F7A40 /* LeetCode11.swift */; };
		9207C21021996AF2006F7A40 /* LeetCode3.swift in Sources */ = {isa = PBXBuildFile; fileRef = 9207C20F21996AF2006F7A40 /* LeetCode3.swift */; };
		9207C21221997C56006F7A40 /* LeetCode4.swift in Sources */ = {isa = PBXBuildFile; fileRef = 9207C21121997C56006F7A40 /* LeetCode4.swift */; };
		9207C2142199813E006F7A40 /* LeetCode34.swift in Sources */ = {isa = PBXBuildFile; fileRef = 9207C2132199813E006F7A40 /* LeetCode34.swift */; };
		9207C21621998603006F7A40 /* LeetCode41.swift in Sources */ = {isa = PBXBuildFile; fileRef = 9207C21521998603006F7A40 /* LeetCode41.swift */; };
		920903992193D708002D3974 /* LeetCode27.swift in Sources */ = {isa = PBXBuildFile; fileRef = 920903982193D708002D3974 /* LeetCode27.swift */; };
		9209039B2193DBF0002D3974 /* LeetCode13.swift in Sources */ = {isa = PBXBuildFile; fileRef = 9209039A2193DBF0002D3974 /* LeetCode13.swift */; };
		9209039D2193E19D002D3974 /* LeetCode43.swift in Sources */ = {isa = PBXBuildFile; fileRef = 9209039C2193E19D002D3974 /* LeetCode43.swift */; };
		9209039F219406FB002D3974 /* LeetCode32.swift in Sources */ = {isa = PBXBuildFile; fileRef = 9209039E219406FB002D3974 /* LeetCode32.swift */; };
		920903A1219422E6002D3974 /* LeetCode29.swift in Sources */ = {isa = PBXBuildFile; fileRef = 920903A0219422E6002D3974 /* LeetCode29.swift */; };
		920903E521943F37002D3974 /* LeetCode31.swift in Sources */ = {isa = PBXBuildFile; fileRef = 920903E421943F37002D3974 /* LeetCode31.swift */; };
		9222869F2108934C009739B6 /* AppDelegate.swift in Sources */ = {isa = PBXBuildFile; fileRef = 9222869E2108934C009739B6 /* AppDelegate.swift */; };
		922286A12108934C009739B6 /* ViewController.swift in Sources */ = {isa = PBXBuildFile; fileRef = 922286A02108934C009739B6 /* ViewController.swift */; };
		922286A42108934C009739B6 /* Main.storyboard in Resources */ = {isa = PBXBuildFile; fileRef = 922286A22108934C009739B6 /* Main.storyboard */; };
		922286A62108934D009739B6 /* Assets.xcassets in Resources */ = {isa = PBXBuildFile; fileRef = 922286A52108934D009739B6 /* Assets.xcassets */; };
		922286A92108934D009739B6 /* LaunchScreen.storyboard in Resources */ = {isa = PBXBuildFile; fileRef = 922286A72108934D009739B6 /* LaunchScreen.storyboard */; };
		922286B42108934D009739B6 /* LeetCodeProjectTests.swift in Sources */ = {isa = PBXBuildFile; fileRef = 922286B32108934D009739B6 /* LeetCodeProjectTests.swift */; };
		922286BF2108934D009739B6 /* LeetCodeProjectUITests.swift in Sources */ = {isa = PBXBuildFile; fileRef = 922286BE2108934D009739B6 /* LeetCodeProjectUITests.swift */; };
		9241000A21B5273E00605F2C /* LeetCode188.swift in Sources */ = {isa = PBXBuildFile; fileRef = 9241000921B5273E00605F2C /* LeetCode188.swift */; };
		925CB08D21A3F3FF00A99427 /* Alamofire.framework in Frameworks */ = {isa = PBXBuildFile; fileRef = 925CB08C21A3F3FF00A99427 /* Alamofire.framework */; };
		925CB08F21A3F3FF00A99427 /* Moya.framework in Frameworks */ = {isa = PBXBuildFile; fileRef = 925CB08E21A3F3FF00A99427 /* Moya.framework */; };
		925CB09121A3F40300A99427 /* Result.framework in Frameworks */ = {isa = PBXBuildFile; fileRef = 925CB09021A3F40300A99427 /* Result.framework */; };
		92E31BC3219588B800D9BF21 /* LeetCode1.swift in Sources */ = {isa = PBXBuildFile; fileRef = 92E31BC2219588B800D9BF21 /* LeetCode1.swift */; };
		92E31BC521958ABC00D9BF21 /* LeetCode2.swift in Sources */ = {isa = PBXBuildFile; fileRef = 92E31BC421958ABC00D9BF21 /* LeetCode2.swift */; };
		92E31BC721958DF300D9BF21 /* LeetCode45.swift in Sources */ = {isa = PBXBuildFile; fileRef = 92E31BC621958DF300D9BF21 /* LeetCode45.swift */; };
		AB9CC86E204FE51C665F35F2 /* Pods_LeetCodeProject.framework in Frameworks */ = {isa = PBXBuildFile; fileRef = 68690259D4FAF510A6C1A307 /* Pods_LeetCodeProject.framework */; };
		CEC9EC77CD54255922CA46AB /* Pods_LeetCodeProjectUITests.framework in Frameworks */ = {isa = PBXBuildFile; fileRef = 81C97E9B57EDD30DF3384B61 /* Pods_LeetCodeProjectUITests.framework */; };
/* End PBXBuildFile section */

/* Begin PBXContainerItemProxy section */
		922286B02108934D009739B6 /* PBXContainerItemProxy */ = {
			isa = PBXContainerItemProxy;
			containerPortal = 922286932108934C009739B6 /* Project object */;
			proxyType = 1;
			remoteGlobalIDString = 9222869A2108934C009739B6;
			remoteInfo = LeetCodeProject;
		};
		922286BB2108934D009739B6 /* PBXContainerItemProxy */ = {
			isa = PBXContainerItemProxy;
			containerPortal = 922286932108934C009739B6 /* Project object */;
			proxyType = 1;
			remoteGlobalIDString = 9222869A2108934C009739B6;
			remoteInfo = LeetCodeProject;
		};
/* End PBXContainerItemProxy section */

/* Begin PBXFileReference section */
		02396FFC2DAF7D9EFAF7E7EC /* Pods-LeetCodeProject.debug.xcconfig */ = {isa = PBXFileReference; includeInIndex = 1; lastKnownFileType = text.xcconfig; name = "Pods-LeetCodeProject.debug.xcconfig"; path = "Pods/Target Support Files/Pods-LeetCodeProject/Pods-LeetCodeProject.debug.xcconfig"; sourceTree = "<group>"; };
		679AC70CF92D09EC2F2BE1AE /* Pods-LeetCodeProjectTests.release.xcconfig */ = {isa = PBXFileReference; includeInIndex = 1; lastKnownFileType = text.xcconfig; name = "Pods-LeetCodeProjectTests.release.xcconfig"; path = "Pods/Target Support Files/Pods-LeetCodeProjectTests/Pods-LeetCodeProjectTests.release.xcconfig"; sourceTree = "<group>"; };
		68690259D4FAF510A6C1A307 /* Pods_LeetCodeProject.framework */ = {isa = PBXFileReference; explicitFileType = wrapper.framework; includeInIndex = 0; path = Pods_LeetCodeProject.framework; sourceTree = BUILT_PRODUCTS_DIR; };
		7A63C4ACF62992790C5CCFB1 /* Pods-LeetCodeProjectUITests.release.xcconfig */ = {isa = PBXFileReference; includeInIndex = 1; lastKnownFileType = text.xcconfig; name = "Pods-LeetCodeProjectUITests.release.xcconfig"; path = "Pods/Target Support Files/Pods-LeetCodeProjectUITests/Pods-LeetCodeProjectUITests.release.xcconfig"; sourceTree = "<group>"; };
		81C97E9B57EDD30DF3384B61 /* Pods_LeetCodeProjectUITests.framework */ = {isa = PBXFileReference; explicitFileType = wrapper.framework; includeInIndex = 0; path = Pods_LeetCodeProjectUITests.framework; sourceTree = BUILT_PRODUCTS_DIR; };
		9201EF7B21BF594D00429546 /* LeetCode322.swift */ = {isa = PBXFileReference; lastKnownFileType = sourcecode.swift; path = LeetCode322.swift; sourceTree = "<group>"; };
		9201EF7D21BFA75B00429546 /* LeetCode47.swift */ = {isa = PBXFileReference; lastKnownFileType = sourcecode.swift; path = LeetCode47.swift; sourceTree = "<group>"; };
		9201EF7F21BFA82000429546 /* LeetCode46.swift */ = {isa = PBXFileReference; lastKnownFileType = sourcecode.swift; path = LeetCode46.swift; sourceTree = "<group>"; };
		9201EF8121BFC20D00429546 /* LeetCode50.swift */ = {isa = PBXFileReference; lastKnownFileType = sourcecode.swift; path = LeetCode50.swift; sourceTree = "<group>"; };
		9201EF8321BFC2BD00429546 /* LeetCode53.swift */ = {isa = PBXFileReference; lastKnownFileType = sourcecode.swift; path = LeetCode53.swift; sourceTree = "<group>"; };
		9203775721AE2CE5009C691E /* LeetCode119.swift */ = {isa = PBXFileReference; lastKnownFileType = sourcecode.swift; path = LeetCode119.swift; sourceTree = "<group>"; };
		9203F5FC21ABE03A00DDB161 /* Result.swift */ = {isa = PBXFileReference; lastKnownFileType = sourcecode.swift; path = Result.swift; sourceTree = "<group>"; };
		92040C2521AD4E6B00688E2C /* LeetCode118.swift */ = {isa = PBXFileReference; lastKnownFileType = sourcecode.swift; path = LeetCode118.swift; sourceTree = "<group>"; };
		9204C53721BE3DC200212DFB /* LeetCode283.swift */ = {isa = PBXFileReference; lastKnownFileType = sourcecode.swift; path = LeetCode283.swift; sourceTree = "<group>"; };
		9204C53921BE45E000212DFB /* LeetCode287.swift */ = {isa = PBXFileReference; lastKnownFileType = sourcecode.swift; path = LeetCode287.swift; sourceTree = "<group>"; };
		9204C53B21BE473100212DFB /* LeetCode290.swift */ = {isa = PBXFileReference; lastKnownFileType = sourcecode.swift; path = LeetCode290.swift; sourceTree = "<group>"; };
		9204C53E21BE5A2C00212DFB /* LeetCode292.swift */ = {isa = PBXFileReference; lastKnownFileType = sourcecode.swift; path = LeetCode292.swift; sourceTree = "<group>"; };
		9204C54021BE5B5F00212DFB /* LeetCode300.swift */ = {isa = PBXFileReference; lastKnownFileType = sourcecode.swift; path = LeetCode300.swift; sourceTree = "<group>"; };
		9204FC5C21A52ED700687D8F /* SwiftyJSON.swift */ = {isa = PBXFileReference; lastKnownFileType = sourcecode.swift; path = SwiftyJSON.swift; sourceTree = "<group>"; };
		9204FC6021A55C1F00687D8F /* LeetCode112.swift */ = {isa = PBXFileReference; lastKnownFileType = sourcecode.swift; path = LeetCode112.swift; sourceTree = "<group>"; };
		9204FC6221A562BF00687D8F /* LeetCode113.swift */ = {isa = PBXFileReference; lastKnownFileType = sourcecode.swift; path = LeetCode113.swift; sourceTree = "<group>"; };
		9205975E21B8C85A005B9A65 /* LeetCode181.swift */ = {isa = PBXFileReference; lastKnownFileType = sourcecode.swift; path = LeetCode181.swift; sourceTree = "<group>"; };
		9205976021B8CE44005B9A65 /* LeetCode200.swift */ = {isa = PBXFileReference; lastKnownFileType = sourcecode.swift; path = LeetCode200.swift; sourceTree = "<group>"; };
		9205976221B902A3005B9A65 /* LeetCode209.swift */ = {isa = PBXFileReference; lastKnownFileType = sourcecode.swift; path = LeetCode209.swift; sourceTree = "<group>"; };
		9205976521B9138F005B9A65 /* LeetCodeDAndC.swift */ = {isa = PBXFileReference; lastKnownFileType = sourcecode.swift; path = LeetCodeDAndC.swift; sourceTree = "<group>"; };
		9205976721B92978005B9A65 /* LeetCode219.swift */ = {isa = PBXFileReference; lastKnownFileType = sourcecode.swift; path = LeetCode219.swift; sourceTree = "<group>"; };
		9205F99121BA50B800A2227C /* LeetCode260.swift */ = {isa = PBXFileReference; lastKnownFileType = sourcecode.swift; path = LeetCode260.swift; sourceTree = "<group>"; };
		9205F99321BA551000A2227C /* LeetCode229.swift */ = {isa = PBXFileReference; lastKnownFileType = sourcecode.swift; path = LeetCode229.swift; sourceTree = "<group>"; };
		9205F99521BA5AEC00A2227C /* LeetCode274.swift */ = {isa = PBXFileReference; lastKnownFileType = sourcecode.swift; path = LeetCode274.swift; sourceTree = "<group>"; };
		9205F99721BA65F700A2227C /* LeetCode275.swift */ = {isa = PBXFileReference; lastKnownFileType = sourcecode.swift; path = LeetCode275.swift; sourceTree = "<group>"; };
		9205F99921BA664A00A2227C /* LeetCode279.swift */ = {isa = PBXFileReference; lastKnownFileType = sourcecode.swift; path = LeetCode279.swift; sourceTree = "<group>"; };
		92067F6621A2A876000B5B7A /* LeetCode77.swift */ = {isa = PBXFileReference; lastKnownFileType = sourcecode.swift; path = LeetCode77.swift; sourceTree = "<group>"; };
		9206A277219D1AE400A4570A /* LeetCode58.swift */ = {isa = PBXFileReference; lastKnownFileType = sourcecode.swift; path = LeetCode58.swift; sourceTree = "<group>"; };
		9206A279219D1D3200A4570A /* LeetCode79.swift */ = {isa = PBXFileReference; lastKnownFileType = sourcecode.swift; path = LeetCode79.swift; sourceTree = "<group>"; };
		9206A27B219D518600A4570A /* LeetCode96.swift */ = {isa = PBXFileReference; lastKnownFileType = sourcecode.swift; path = LeetCode96.swift; sourceTree = "<group>"; };
		9206A27D219D51F700A4570A /* LeetCode64.swift */ = {isa = PBXFileReference; lastKnownFileType = sourcecode.swift; path = LeetCode64.swift; sourceTree = "<group>"; };
		9206A27F219D62B300A4570A /* LeetCode70.swift */ = {isa = PBXFileReference; lastKnownFileType = sourcecode.swift; path = LeetCode70.swift; sourceTree = "<group>"; };
		9206A281219D753600A4570A /* LeetCode51.swift */ = {isa = PBXFileReference; lastKnownFileType = sourcecode.swift; path = LeetCode51.swift; sourceTree = "<group>"; };
		9206B0832192DCE600D1C741 /* LeetCode15.swift */ = {isa = PBXFileReference; lastKnownFileType = sourcecode.swift; path = LeetCode15.swift; sourceTree = "<group>"; };
		9206B0852192DE7100D1C741 /* LeetCode48.swift */ = {isa = PBXFileReference; lastKnownFileType = sourcecode.swift; path = LeetCode48.swift; sourceTree = "<group>"; };
		9206B0872192E98600D1C741 /* LeetCode22.swift */ = {isa = PBXFileReference; lastKnownFileType = sourcecode.swift; path = LeetCode22.swift; sourceTree = "<group>"; };
		9207116D2195598200929B60 /* LeetCode14.swift */ = {isa = PBXFileReference; lastKnownFileType = sourcecode.swift; path = LeetCode14.swift; sourceTree = "<group>"; };
		9207116F2195612300929B60 /* LeetCode35.swift */ = {isa = PBXFileReference; lastKnownFileType = sourcecode.swift; path = LeetCode35.swift; sourceTree = "<group>"; };
		920711712195641600929B60 /* LeetCode21.swift */ = {isa = PBXFileReference; lastKnownFileType = sourcecode.swift; path = LeetCode21.swift; sourceTree = "<group>"; };
		9207117321956B8600929B60 /* LeetCode17.swift */ = {isa = PBXFileReference; lastKnownFileType = sourcecode.swift; path = LeetCode17.swift; sourceTree = "<group>"; };
		92071175219575F800929B60 /* LeetCode5.swift */ = {isa = PBXFileReference; lastKnownFileType = sourcecode.swift; path = LeetCode5.swift; sourceTree = "<group>"; };
		9207117721957AEE00929B60 /* LeetCode8.swift */ = {isa = PBXFileReference; lastKnownFileType = sourcecode.swift; path = LeetCode8.swift; sourceTree = "<group>"; };
		9207C20D21995E29006F7A40 /* LeetCode11.swift */ = {isa = PBXFileReference; lastKnownFileType = sourcecode.swift; path = LeetCode11.swift; sourceTree = "<group>"; };
		9207C20F21996AF2006F7A40 /* LeetCode3.swift */ = {isa = PBXFileReference; lastKnownFileType = sourcecode.swift; path = LeetCode3.swift; sourceTree = "<group>"; };
		9207C21121997C56006F7A40 /* LeetCode4.swift */ = {isa = PBXFileReference; lastKnownFileType = sourcecode.swift; path = LeetCode4.swift; sourceTree = "<group>"; };
		9207C2132199813E006F7A40 /* LeetCode34.swift */ = {isa = PBXFileReference; lastKnownFileType = sourcecode.swift; path = LeetCode34.swift; sourceTree = "<group>"; };
		9207C21521998603006F7A40 /* LeetCode41.swift */ = {isa = PBXFileReference; lastKnownFileType = sourcecode.swift; path = LeetCode41.swift; sourceTree = "<group>"; };
		920903982193D708002D3974 /* LeetCode27.swift */ = {isa = PBXFileReference; lastKnownFileType = sourcecode.swift; path = LeetCode27.swift; sourceTree = "<group>"; };
		9209039A2193DBF0002D3974 /* LeetCode13.swift */ = {isa = PBXFileReference; lastKnownFileType = sourcecode.swift; path = LeetCode13.swift; sourceTree = "<group>"; };
		9209039C2193E19D002D3974 /* LeetCode43.swift */ = {isa = PBXFileReference; lastKnownFileType = sourcecode.swift; path = LeetCode43.swift; sourceTree = "<group>"; };
		9209039E219406FB002D3974 /* LeetCode32.swift */ = {isa = PBXFileReference; lastKnownFileType = sourcecode.swift; path = LeetCode32.swift; sourceTree = "<group>"; };
		920903A0219422E6002D3974 /* LeetCode29.swift */ = {isa = PBXFileReference; lastKnownFileType = sourcecode.swift; path = LeetCode29.swift; sourceTree = "<group>"; };
		920903E421943F37002D3974 /* LeetCode31.swift */ = {isa = PBXFileReference; lastKnownFileType = sourcecode.swift; path = LeetCode31.swift; sourceTree = "<group>"; };
		9222869B2108934C009739B6 /* LeetCodeProject.app */ = {isa = PBXFileReference; explicitFileType = wrapper.application; includeInIndex = 0; path = LeetCodeProject.app; sourceTree = BUILT_PRODUCTS_DIR; };
		9222869E2108934C009739B6 /* AppDelegate.swift */ = {isa = PBXFileReference; lastKnownFileType = sourcecode.swift; path = AppDelegate.swift; sourceTree = "<group>"; };
		922286A02108934C009739B6 /* ViewController.swift */ = {isa = PBXFileReference; lastKnownFileType = sourcecode.swift; path = ViewController.swift; sourceTree = "<group>"; };
		922286A32108934C009739B6 /* Base */ = {isa = PBXFileReference; lastKnownFileType = file.storyboard; name = Base; path = Base.lproj/Main.storyboard; sourceTree = "<group>"; };
		922286A52108934D009739B6 /* Assets.xcassets */ = {isa = PBXFileReference; lastKnownFileType = folder.assetcatalog; path = Assets.xcassets; sourceTree = "<group>"; };
		922286A82108934D009739B6 /* Base */ = {isa = PBXFileReference; lastKnownFileType = file.storyboard; name = Base; path = Base.lproj/LaunchScreen.storyboard; sourceTree = "<group>"; };
		922286AA2108934D009739B6 /* Info.plist */ = {isa = PBXFileReference; lastKnownFileType = text.plist.xml; path = Info.plist; sourceTree = "<group>"; };
		922286AF2108934D009739B6 /* LeetCodeProjectTests.xctest */ = {isa = PBXFileReference; explicitFileType = wrapper.cfbundle; includeInIndex = 0; path = LeetCodeProjectTests.xctest; sourceTree = BUILT_PRODUCTS_DIR; };
		922286B32108934D009739B6 /* LeetCodeProjectTests.swift */ = {isa = PBXFileReference; lastKnownFileType = sourcecode.swift; path = LeetCodeProjectTests.swift; sourceTree = "<group>"; };
		922286B52108934D009739B6 /* Info.plist */ = {isa = PBXFileReference; lastKnownFileType = text.plist.xml; path = Info.plist; sourceTree = "<group>"; };
		922286BA2108934D009739B6 /* LeetCodeProjectUITests.xctest */ = {isa = PBXFileReference; explicitFileType = wrapper.cfbundle; includeInIndex = 0; path = LeetCodeProjectUITests.xctest; sourceTree = BUILT_PRODUCTS_DIR; };
		922286BE2108934D009739B6 /* LeetCodeProjectUITests.swift */ = {isa = PBXFileReference; lastKnownFileType = sourcecode.swift; path = LeetCodeProjectUITests.swift; sourceTree = "<group>"; };
		922286C02108934D009739B6 /* Info.plist */ = {isa = PBXFileReference; lastKnownFileType = text.plist.xml; path = Info.plist; sourceTree = "<group>"; };
		9241000921B5273E00605F2C /* LeetCode188.swift */ = {isa = PBXFileReference; lastKnownFileType = sourcecode.swift; path = LeetCode188.swift; sourceTree = "<group>"; };
		925CB08C21A3F3FF00A99427 /* Alamofire.framework */ = {isa = PBXFileReference; explicitFileType = wrapper.framework; path = Alamofire.framework; sourceTree = BUILT_PRODUCTS_DIR; };
		925CB08E21A3F3FF00A99427 /* Moya.framework */ = {isa = PBXFileReference; explicitFileType = wrapper.framework; path = Moya.framework; sourceTree = BUILT_PRODUCTS_DIR; };
		925CB09021A3F40300A99427 /* Result.framework */ = {isa = PBXFileReference; explicitFileType = wrapper.framework; path = Result.framework; sourceTree = BUILT_PRODUCTS_DIR; };
		92E31BC2219588B800D9BF21 /* LeetCode1.swift */ = {isa = PBXFileReference; lastKnownFileType = sourcecode.swift; path = LeetCode1.swift; sourceTree = "<group>"; };
		92E31BC421958ABC00D9BF21 /* LeetCode2.swift */ = {isa = PBXFileReference; lastKnownFileType = sourcecode.swift; path = LeetCode2.swift; sourceTree = "<group>"; };
		92E31BC621958DF300D9BF21 /* LeetCode45.swift */ = {isa = PBXFileReference; lastKnownFileType = sourcecode.swift; path = LeetCode45.swift; sourceTree = "<group>"; };
		97951AA6B18E5468E1B7D552 /* Pods-LeetCodeProjectTests.debug.xcconfig */ = {isa = PBXFileReference; includeInIndex = 1; lastKnownFileType = text.xcconfig; name = "Pods-LeetCodeProjectTests.debug.xcconfig"; path = "Pods/Target Support Files/Pods-LeetCodeProjectTests/Pods-LeetCodeProjectTests.debug.xcconfig"; sourceTree = "<group>"; };
		A61F4E7E15B2692316A1D8EA /* Pods-LeetCodeProjectUITests.debug.xcconfig */ = {isa = PBXFileReference; includeInIndex = 1; lastKnownFileType = text.xcconfig; name = "Pods-LeetCodeProjectUITests.debug.xcconfig"; path = "Pods/Target Support Files/Pods-LeetCodeProjectUITests/Pods-LeetCodeProjectUITests.debug.xcconfig"; sourceTree = "<group>"; };
		B82F7E94A855B418EECB1944 /* Pods-LeetCodeProject.release.xcconfig */ = {isa = PBXFileReference; includeInIndex = 1; lastKnownFileType = text.xcconfig; name = "Pods-LeetCodeProject.release.xcconfig"; path = "Pods/Target Support Files/Pods-LeetCodeProject/Pods-LeetCodeProject.release.xcconfig"; sourceTree = "<group>"; };
		DCF55F0AFA8742FF3C5AE54E /* Pods_LeetCodeProjectTests.framework */ = {isa = PBXFileReference; explicitFileType = wrapper.framework; includeInIndex = 0; path = Pods_LeetCodeProjectTests.framework; sourceTree = BUILT_PRODUCTS_DIR; };
/* End PBXFileReference section */

/* Begin PBXFrameworksBuildPhase section */
		922286982108934C009739B6 /* Frameworks */ = {
			isa = PBXFrameworksBuildPhase;
			buildActionMask = 2147483647;
			files = (
				925CB09121A3F40300A99427 /* Result.framework in Frameworks */,
				925CB08D21A3F3FF00A99427 /* Alamofire.framework in Frameworks */,
				925CB08F21A3F3FF00A99427 /* Moya.framework in Frameworks */,
				AB9CC86E204FE51C665F35F2 /* Pods_LeetCodeProject.framework in Frameworks */,
			);
			runOnlyForDeploymentPostprocessing = 0;
		};
		922286AC2108934D009739B6 /* Frameworks */ = {
			isa = PBXFrameworksBuildPhase;
			buildActionMask = 2147483647;
			files = (
				85046E83D25DB765A1867B4D /* Pods_LeetCodeProjectTests.framework in Frameworks */,
			);
			runOnlyForDeploymentPostprocessing = 0;
		};
		922286B72108934D009739B6 /* Frameworks */ = {
			isa = PBXFrameworksBuildPhase;
			buildActionMask = 2147483647;
			files = (
				CEC9EC77CD54255922CA46AB /* Pods_LeetCodeProjectUITests.framework in Frameworks */,
			);
			runOnlyForDeploymentPostprocessing = 0;
		};
/* End PBXFrameworksBuildPhase section */

/* Begin PBXGroup section */
		1277A55EB915D736EC93B406 /* Pods */ = {
			isa = PBXGroup;
			children = (
				02396FFC2DAF7D9EFAF7E7EC /* Pods-LeetCodeProject.debug.xcconfig */,
				B82F7E94A855B418EECB1944 /* Pods-LeetCodeProject.release.xcconfig */,
				97951AA6B18E5468E1B7D552 /* Pods-LeetCodeProjectTests.debug.xcconfig */,
				679AC70CF92D09EC2F2BE1AE /* Pods-LeetCodeProjectTests.release.xcconfig */,
				A61F4E7E15B2692316A1D8EA /* Pods-LeetCodeProjectUITests.debug.xcconfig */,
				7A63C4ACF62992790C5CCFB1 /* Pods-LeetCodeProjectUITests.release.xcconfig */,
			);
			name = Pods;
			sourceTree = "<group>";
		};
		738DFFFCC7317232185F9B72 /* Frameworks */ = {
			isa = PBXGroup;
			children = (
				925CB09021A3F40300A99427 /* Result.framework */,
				925CB08C21A3F3FF00A99427 /* Alamofire.framework */,
				925CB08E21A3F3FF00A99427 /* Moya.framework */,
				68690259D4FAF510A6C1A307 /* Pods_LeetCodeProject.framework */,
				DCF55F0AFA8742FF3C5AE54E /* Pods_LeetCodeProjectTests.framework */,
				81C97E9B57EDD30DF3384B61 /* Pods_LeetCodeProjectUITests.framework */,
			);
			name = Frameworks;
			sourceTree = "<group>";
		};
		9205976421B91356005B9A65 /* Base */ = {
			isa = PBXGroup;
			children = (
				9205976521B9138F005B9A65 /* LeetCodeDAndC.swift */,
				9201EF8321BFC2BD00429546 /* LeetCode53.swift */,
			);
			path = Base;
			sourceTree = "<group>";
		};
		9207659521A3AB2900C687B2 /* LeetCodeQA */ = {
			isa = PBXGroup;
			children = (
				9201EF8121BFC20D00429546 /* LeetCode50.swift */,
				9201EF7D21BFA75B00429546 /* LeetCode47.swift */,
				9204C54021BE5B5F00212DFB /* LeetCode300.swift */,
				9201EF7F21BFA82000429546 /* LeetCode46.swift */,
				92E31BC2219588B800D9BF21 /* LeetCode1.swift */,
				92E31BC421958ABC00D9BF21 /* LeetCode2.swift */,
				9207C20F21996AF2006F7A40 /* LeetCode3.swift */,
				9207C21121997C56006F7A40 /* LeetCode4.swift */,
				92071175219575F800929B60 /* LeetCode5.swift */,
				9207117721957AEE00929B60 /* LeetCode8.swift */,
				9207C20D21995E29006F7A40 /* LeetCode11.swift */,
				9209039A2193DBF0002D3974 /* LeetCode13.swift */,
				9207116D2195598200929B60 /* LeetCode14.swift */,
				9206B0832192DCE600D1C741 /* LeetCode15.swift */,
				9207117321956B8600929B60 /* LeetCode17.swift */,
				920711712195641600929B60 /* LeetCode21.swift */,
				9206B0872192E98600D1C741 /* LeetCode22.swift */,
				920903982193D708002D3974 /* LeetCode27.swift */,
				920903A0219422E6002D3974 /* LeetCode29.swift */,
				920903E421943F37002D3974 /* LeetCode31.swift */,
				9209039E219406FB002D3974 /* LeetCode32.swift */,
				9207C2132199813E006F7A40 /* LeetCode34.swift */,
				9207116F2195612300929B60 /* LeetCode35.swift */,
				9207C21521998603006F7A40 /* LeetCode41.swift */,
				9209039C2193E19D002D3974 /* LeetCode43.swift */,
				92E31BC621958DF300D9BF21 /* LeetCode45.swift */,
				9206B0852192DE7100D1C741 /* LeetCode48.swift */,
				9206A281219D753600A4570A /* LeetCode51.swift */,
				9206A277219D1AE400A4570A /* LeetCode58.swift */,
				9206A27D219D51F700A4570A /* LeetCode64.swift */,
				9206A27F219D62B300A4570A /* LeetCode70.swift */,
				92067F6621A2A876000B5B7A /* LeetCode77.swift */,
				9206A279219D1D3200A4570A /* LeetCode79.swift */,
				9206A27B219D518600A4570A /* LeetCode96.swift */,
				9204FC6021A55C1F00687D8F /* LeetCode112.swift */,
				92040C2521AD4E6B00688E2C /* LeetCode118.swift */,
				9203775721AE2CE5009C691E /* LeetCode119.swift */,
				9205975E21B8C85A005B9A65 /* LeetCode181.swift */,
				9241000921B5273E00605F2C /* LeetCode188.swift */,
				9205976721B92978005B9A65 /* LeetCode219.swift */,
				9205F99321BA551000A2227C /* LeetCode229.swift */,
				9205F99121BA50B800A2227C /* LeetCode260.swift */,
				9205F99521BA5AEC00A2227C /* LeetCode274.swift */,
				9205F99721BA65F700A2227C /* LeetCode275.swift */,
				9205F99921BA664A00A2227C /* LeetCode279.swift */,
				9204C53721BE3DC200212DFB /* LeetCode283.swift */,
				9204C53921BE45E000212DFB /* LeetCode287.swift */,
				9204C53B21BE473100212DFB /* LeetCode290.swift */,
				9204C53E21BE5A2C00212DFB /* LeetCode292.swift */,
				9201EF7B21BF594D00429546 /* LeetCode322.swift */,
			);
			path = LeetCodeQA;
			sourceTree = "<group>";
		};
		922286922108934C009739B6 = {
			isa = PBXGroup;
			children = (
				9222869D2108934C009739B6 /* LeetCodeProject */,
				922286B22108934D009739B6 /* LeetCodeProjectTests */,
				922286BD2108934D009739B6 /* LeetCodeProjectUITests */,
				9222869C2108934C009739B6 /* Products */,
				1277A55EB915D736EC93B406 /* Pods */,
				738DFFFCC7317232185F9B72 /* Frameworks */,
			);
			sourceTree = "<group>";
		};
		9222869C2108934C009739B6 /* Products */ = {
			isa = PBXGroup;
			children = (
				9222869B2108934C009739B6 /* LeetCodeProject.app */,
				922286AF2108934D009739B6 /* LeetCodeProjectTests.xctest */,
				922286BA2108934D009739B6 /* LeetCodeProjectUITests.xctest */,
			);
			name = Products;
			sourceTree = "<group>";
		};
		9222869D2108934C009739B6 /* LeetCodeProject */ = {
			isa = PBXGroup;
			children = (
				9205976421B91356005B9A65 /* Base */,
				9207659521A3AB2900C687B2 /* LeetCodeQA */,
				9222869E2108934C009739B6 /* AppDelegate.swift */,
				922286A52108934D009739B6 /* Assets.xcassets */,
				922286AA2108934D009739B6 /* Info.plist */,
				922286A72108934D009739B6 /* LaunchScreen.storyboard */,
				922286A22108934C009739B6 /* Main.storyboard */,
				9204FC6221A562BF00687D8F /* LeetCode113.swift */,
				922286A02108934C009739B6 /* ViewController.swift */,
				9204FC5C21A52ED700687D8F /* SwiftyJSON.swift */,
				9203F5FC21ABE03A00DDB161 /* Result.swift */,
				9205976021B8CE44005B9A65 /* LeetCode200.swift */,
				9205976221B902A3005B9A65 /* LeetCode209.swift */,
			);
			path = LeetCodeProject;
			sourceTree = "<group>";
		};
		922286B22108934D009739B6 /* LeetCodeProjectTests */ = {
			isa = PBXGroup;
			children = (
				922286B32108934D009739B6 /* LeetCodeProjectTests.swift */,
				922286B52108934D009739B6 /* Info.plist */,
			);
			path = LeetCodeProjectTests;
			sourceTree = "<group>";
		};
		922286BD2108934D009739B6 /* LeetCodeProjectUITests */ = {
			isa = PBXGroup;
			children = (
				922286BE2108934D009739B6 /* LeetCodeProjectUITests.swift */,
				922286C02108934D009739B6 /* Info.plist */,
			);
			path = LeetCodeProjectUITests;
			sourceTree = "<group>";
		};
/* End PBXGroup section */

/* Begin PBXNativeTarget section */
		9222869A2108934C009739B6 /* LeetCodeProject */ = {
			isa = PBXNativeTarget;
			buildConfigurationList = 922286C32108934D009739B6 /* Build configuration list for PBXNativeTarget "LeetCodeProject" */;
			buildPhases = (
				0BDA7313B0C8A1A6E7711E83 /* [CP] Check Pods Manifest.lock */,
				922286972108934C009739B6 /* Sources */,
				922286982108934C009739B6 /* Frameworks */,
				922286992108934C009739B6 /* Resources */,
				C024A242AF33050B1AE912C7 /* [CP] Embed Pods Frameworks */,
			);
			buildRules = (
			);
			dependencies = (
			);
			name = LeetCodeProject;
			productName = LeetCodeProject;
			productReference = 9222869B2108934C009739B6 /* LeetCodeProject.app */;
			productType = "com.apple.product-type.application";
		};
		922286AE2108934D009739B6 /* LeetCodeProjectTests */ = {
			isa = PBXNativeTarget;
			buildConfigurationList = 922286C62108934D009739B6 /* Build configuration list for PBXNativeTarget "LeetCodeProjectTests" */;
			buildPhases = (
				BA98B28455E4F472EED36BCA /* [CP] Check Pods Manifest.lock */,
				922286AB2108934D009739B6 /* Sources */,
				922286AC2108934D009739B6 /* Frameworks */,
				922286AD2108934D009739B6 /* Resources */,
			);
			buildRules = (
			);
			dependencies = (
				922286B12108934D009739B6 /* PBXTargetDependency */,
			);
			name = LeetCodeProjectTests;
			productName = LeetCodeProjectTests;
			productReference = 922286AF2108934D009739B6 /* LeetCodeProjectTests.xctest */;
			productType = "com.apple.product-type.bundle.unit-test";
		};
		922286B92108934D009739B6 /* LeetCodeProjectUITests */ = {
			isa = PBXNativeTarget;
			buildConfigurationList = 922286C92108934D009739B6 /* Build configuration list for PBXNativeTarget "LeetCodeProjectUITests" */;
			buildPhases = (
				F703311696882C333A4F0F54 /* [CP] Check Pods Manifest.lock */,
				922286B62108934D009739B6 /* Sources */,
				922286B72108934D009739B6 /* Frameworks */,
				922286B82108934D009739B6 /* Resources */,
			);
			buildRules = (
			);
			dependencies = (
				922286BC2108934D009739B6 /* PBXTargetDependency */,
			);
			name = LeetCodeProjectUITests;
			productName = LeetCodeProjectUITests;
			productReference = 922286BA2108934D009739B6 /* LeetCodeProjectUITests.xctest */;
			productType = "com.apple.product-type.bundle.ui-testing";
		};
/* End PBXNativeTarget section */

/* Begin PBXProject section */
		922286932108934C009739B6 /* Project object */ = {
			isa = PBXProject;
			attributes = {
				CLASSPREFIX = LeetCode;
				LastSwiftUpdateCheck = 0940;
				LastUpgradeCheck = 0940;
				ORGANIZATIONNAME = lmg;
				TargetAttributes = {
					9222869A2108934C009739B6 = {
						CreatedOnToolsVersion = 9.4.1;
					};
					922286AE2108934D009739B6 = {
						CreatedOnToolsVersion = 9.4.1;
						TestTargetID = 9222869A2108934C009739B6;
					};
					922286B92108934D009739B6 = {
						CreatedOnToolsVersion = 9.4.1;
						TestTargetID = 9222869A2108934C009739B6;
					};
				};
			};
			buildConfigurationList = 922286962108934C009739B6 /* Build configuration list for PBXProject "LeetCodeProject" */;
			compatibilityVersion = "Xcode 9.3";
			developmentRegion = en;
			hasScannedForEncodings = 0;
			knownRegions = (
				en,
				Base,
			);
			mainGroup = 922286922108934C009739B6;
			productRefGroup = 9222869C2108934C009739B6 /* Products */;
			projectDirPath = "";
			projectRoot = "";
			targets = (
				9222869A2108934C009739B6 /* LeetCodeProject */,
				922286AE2108934D009739B6 /* LeetCodeProjectTests */,
				922286B92108934D009739B6 /* LeetCodeProjectUITests */,
			);
		};
/* End PBXProject section */

/* Begin PBXResourcesBuildPhase section */
		922286992108934C009739B6 /* Resources */ = {
			isa = PBXResourcesBuildPhase;
			buildActionMask = 2147483647;
			files = (
				922286A92108934D009739B6 /* LaunchScreen.storyboard in Resources */,
				922286A62108934D009739B6 /* Assets.xcassets in Resources */,
				922286A42108934C009739B6 /* Main.storyboard in Resources */,
			);
			runOnlyForDeploymentPostprocessing = 0;
		};
		922286AD2108934D009739B6 /* Resources */ = {
			isa = PBXResourcesBuildPhase;
			buildActionMask = 2147483647;
			files = (
			);
			runOnlyForDeploymentPostprocessing = 0;
		};
		922286B82108934D009739B6 /* Resources */ = {
			isa = PBXResourcesBuildPhase;
			buildActionMask = 2147483647;
			files = (
			);
			runOnlyForDeploymentPostprocessing = 0;
		};
/* End PBXResourcesBuildPhase section */

/* Begin PBXShellScriptBuildPhase section */
		0BDA7313B0C8A1A6E7711E83 /* [CP] Check Pods Manifest.lock */ = {
			isa = PBXShellScriptBuildPhase;
			buildActionMask = 2147483647;
			files = (
			);
			inputPaths = (
				"${PODS_PODFILE_DIR_PATH}/Podfile.lock",
				"${PODS_ROOT}/Manifest.lock",
			);
			name = "[CP] Check Pods Manifest.lock";
			outputPaths = (
				"$(DERIVED_FILE_DIR)/Pods-LeetCodeProject-checkManifestLockResult.txt",
			);
			runOnlyForDeploymentPostprocessing = 0;
			shellPath = /bin/sh;
			shellScript = "diff \"${PODS_PODFILE_DIR_PATH}/Podfile.lock\" \"${PODS_ROOT}/Manifest.lock\" > /dev/null\nif [ $? != 0 ] ; then\n    # print error to STDERR\n    echo \"error: The sandbox is not in sync with the Podfile.lock. Run 'pod install' or update your CocoaPods installation.\" >&2\n    exit 1\nfi\n# This output is used by Xcode 'outputs' to avoid re-running this script phase.\necho \"SUCCESS\" > \"${SCRIPT_OUTPUT_FILE_0}\"\n";
			showEnvVarsInLog = 0;
		};
		BA98B28455E4F472EED36BCA /* [CP] Check Pods Manifest.lock */ = {
			isa = PBXShellScriptBuildPhase;
			buildActionMask = 2147483647;
			files = (
			);
			inputPaths = (
				"${PODS_PODFILE_DIR_PATH}/Podfile.lock",
				"${PODS_ROOT}/Manifest.lock",
			);
			name = "[CP] Check Pods Manifest.lock";
			outputPaths = (
				"$(DERIVED_FILE_DIR)/Pods-LeetCodeProjectTests-checkManifestLockResult.txt",
			);
			runOnlyForDeploymentPostprocessing = 0;
			shellPath = /bin/sh;
			shellScript = "diff \"${PODS_PODFILE_DIR_PATH}/Podfile.lock\" \"${PODS_ROOT}/Manifest.lock\" > /dev/null\nif [ $? != 0 ] ; then\n    # print error to STDERR\n    echo \"error: The sandbox is not in sync with the Podfile.lock. Run 'pod install' or update your CocoaPods installation.\" >&2\n    exit 1\nfi\n# This output is used by Xcode 'outputs' to avoid re-running this script phase.\necho \"SUCCESS\" > \"${SCRIPT_OUTPUT_FILE_0}\"\n";
			showEnvVarsInLog = 0;
		};
		C024A242AF33050B1AE912C7 /* [CP] Embed Pods Frameworks */ = {
			isa = PBXShellScriptBuildPhase;
			buildActionMask = 2147483647;
			files = (
			);
			inputPaths = (
				"${SRCROOT}/Pods/Target Support Files/Pods-LeetCodeProject/Pods-LeetCodeProject-frameworks.sh",
				"${BUILT_PRODUCTS_DIR}/Alamofire/Alamofire.framework",
				"${BUILT_PRODUCTS_DIR}/Kingfisher/Kingfisher.framework",
				"${BUILT_PRODUCTS_DIR}/Moya/Moya.framework",
				"${BUILT_PRODUCTS_DIR}/ObjectMapper/ObjectMapper.framework",
				"${BUILT_PRODUCTS_DIR}/Result/Result.framework",
				"${BUILT_PRODUCTS_DIR}/SnapKit/SnapKit.framework",
			);
			name = "[CP] Embed Pods Frameworks";
			outputPaths = (
				"${TARGET_BUILD_DIR}/${FRAMEWORKS_FOLDER_PATH}/Alamofire.framework",
				"${TARGET_BUILD_DIR}/${FRAMEWORKS_FOLDER_PATH}/Kingfisher.framework",
				"${TARGET_BUILD_DIR}/${FRAMEWORKS_FOLDER_PATH}/Moya.framework",
				"${TARGET_BUILD_DIR}/${FRAMEWORKS_FOLDER_PATH}/ObjectMapper.framework",
				"${TARGET_BUILD_DIR}/${FRAMEWORKS_FOLDER_PATH}/Result.framework",
				"${TARGET_BUILD_DIR}/${FRAMEWORKS_FOLDER_PATH}/SnapKit.framework",
			);
			runOnlyForDeploymentPostprocessing = 0;
			shellPath = /bin/sh;
			shellScript = "\"${SRCROOT}/Pods/Target Support Files/Pods-LeetCodeProject/Pods-LeetCodeProject-frameworks.sh\"\n";
			showEnvVarsInLog = 0;
		};
		F703311696882C333A4F0F54 /* [CP] Check Pods Manifest.lock */ = {
			isa = PBXShellScriptBuildPhase;
			buildActionMask = 2147483647;
			files = (
			);
			inputPaths = (
				"${PODS_PODFILE_DIR_PATH}/Podfile.lock",
				"${PODS_ROOT}/Manifest.lock",
			);
			name = "[CP] Check Pods Manifest.lock";
			outputPaths = (
				"$(DERIVED_FILE_DIR)/Pods-LeetCodeProjectUITests-checkManifestLockResult.txt",
			);
			runOnlyForDeploymentPostprocessing = 0;
			shellPath = /bin/sh;
			shellScript = "diff \"${PODS_PODFILE_DIR_PATH}/Podfile.lock\" \"${PODS_ROOT}/Manifest.lock\" > /dev/null\nif [ $? != 0 ] ; then\n    # print error to STDERR\n    echo \"error: The sandbox is not in sync with the Podfile.lock. Run 'pod install' or update your CocoaPods installation.\" >&2\n    exit 1\nfi\n# This output is used by Xcode 'outputs' to avoid re-running this script phase.\necho \"SUCCESS\" > \"${SCRIPT_OUTPUT_FILE_0}\"\n";
			showEnvVarsInLog = 0;
		};
/* End PBXShellScriptBuildPhase section */

/* Begin PBXSourcesBuildPhase section */
		922286972108934C009739B6 /* Sources */ = {
			isa = PBXSourcesBuildPhase;
			buildActionMask = 2147483647;
			files = (
				9205976621B9138F005B9A65 /* LeetCodeDAndC.swift in Sources */,
				9205F99221BA50B800A2227C /* LeetCode260.swift in Sources */,
				9206A27E219D51F700A4570A /* LeetCode64.swift in Sources */,
				9209039B2193DBF0002D3974 /* LeetCode13.swift in Sources */,
				9204C53F21BE5A2C00212DFB /* LeetCode292.swift in Sources */,
				9204C53821BE3DC200212DFB /* LeetCode283.swift in Sources */,
				9206A27A219D1D3200A4570A /* LeetCode79.swift in Sources */,
				9204FC5D21A52ED700687D8F /* SwiftyJSON.swift in Sources */,
				9205F99A21BA664A00A2227C /* LeetCode279.swift in Sources */,
				9201EF8221BFC20D00429546 /* LeetCode50.swift in Sources */,
				9203775821AE2CE5009C691E /* LeetCode119.swift in Sources */,
				920903A1219422E6002D3974 /* LeetCode29.swift in Sources */,
				9206B0862192DE7100D1C741 /* LeetCode48.swift in Sources */,
				9206A278219D1AE400A4570A /* LeetCode58.swift in Sources */,
				920903992193D708002D3974 /* LeetCode27.swift in Sources */,
				92071176219575F800929B60 /* LeetCode5.swift in Sources */,
				9205976321B902A3005B9A65 /* LeetCode209.swift in Sources */,
				9201EF7C21BF594D00429546 /* LeetCode322.swift in Sources */,
				9209039F219406FB002D3974 /* LeetCode32.swift in Sources */,
				9201EF8421BFC2BD00429546 /* LeetCode53.swift in Sources */,
				9205F99421BA551000A2227C /* LeetCode229.swift in Sources */,
				9207117421956B8600929B60 /* LeetCode17.swift in Sources */,
				9207116E2195598200929B60 /* LeetCode14.swift in Sources */,
				9207C21621998603006F7A40 /* LeetCode41.swift in Sources */,
				9207117821957AEE00929B60 /* LeetCode8.swift in Sources */,
				920711702195612300929B60 /* LeetCode35.swift in Sources */,
				9206B0882192E98600D1C741 /* LeetCode22.swift in Sources */,
				92040C2621AD4E6B00688E2C /* LeetCode118.swift in Sources */,
				9206B0842192DCE600D1C741 /* LeetCode15.swift in Sources */,
				9206A27C219D518600A4570A /* LeetCode96.swift in Sources */,
				9203F5FD21ABE03A00DDB161 /* Result.swift in Sources */,
				922286A12108934C009739B6 /* ViewController.swift in Sources */,
				9204FC6121A55C1F00687D8F /* LeetCode112.swift in Sources */,
				9204C54121BE5B5F00212DFB /* LeetCode300.swift in Sources */,
				9205976821B92978005B9A65 /* LeetCode219.swift in Sources */,
				9204FC6321A562BF00687D8F /* LeetCode113.swift in Sources */,
				9206A282219D753600A4570A /* LeetCode51.swift in Sources */,
				920903E521943F37002D3974 /* LeetCode31.swift in Sources */,
				9205F99821BA65F700A2227C /* LeetCode275.swift in Sources */,
				9201EF8021BFA82000429546 /* LeetCode46.swift in Sources */,
				92E31BC3219588B800D9BF21 /* LeetCode1.swift in Sources */,
				9205975F21B8C85A005B9A65 /* LeetCode181.swift in Sources */,
				9207C2142199813E006F7A40 /* LeetCode34.swift in Sources */,
				9205F99621BA5AEC00A2227C /* LeetCode274.swift in Sources */,
				9204C53A21BE45E000212DFB /* LeetCode287.swift in Sources */,
				920711722195641600929B60 /* LeetCode21.swift in Sources */,
				9201EF7E21BFA75B00429546 /* LeetCode47.swift in Sources */,
				9204C53C21BE473100212DFB /* LeetCode290.swift in Sources */,
				9207C21021996AF2006F7A40 /* LeetCode3.swift in Sources */,
				9205976121B8CE44005B9A65 /* LeetCode200.swift in Sources */,
				92E31BC521958ABC00D9BF21 /* LeetCode2.swift in Sources */,
				92E31BC721958DF300D9BF21 /* LeetCode45.swift in Sources */,
				9206A280219D62B300A4570A /* LeetCode70.swift in Sources */,
				9241000A21B5273E00605F2C /* LeetCode188.swift in Sources */,
				9222869F2108934C009739B6 /* AppDelegate.swift in Sources */,
				9209039D2193E19D002D3974 /* LeetCode43.swift in Sources */,
				9207C21221997C56006F7A40 /* LeetCode4.swift in Sources */,
				92067F6721A2A876000B5B7A /* LeetCode77.swift in Sources */,
				9207C20E21995E29006F7A40 /* LeetCode11.swift in Sources */,
			);
			runOnlyForDeploymentPostprocessing = 0;
		};
		922286AB2108934D009739B6 /* Sources */ = {
			isa = PBXSourcesBuildPhase;
			buildActionMask = 2147483647;
			files = (
				922286B42108934D009739B6 /* LeetCodeProjectTests.swift in Sources */,
			);
			runOnlyForDeploymentPostprocessing = 0;
		};
		922286B62108934D009739B6 /* Sources */ = {
			isa = PBXSourcesBuildPhase;
			buildActionMask = 2147483647;
			files = (
				922286BF2108934D009739B6 /* LeetCodeProjectUITests.swift in Sources */,
			);
			runOnlyForDeploymentPostprocessing = 0;
		};
/* End PBXSourcesBuildPhase section */

/* Begin PBXTargetDependency section */
		922286B12108934D009739B6 /* PBXTargetDependency */ = {
			isa = PBXTargetDependency;
			target = 9222869A2108934C009739B6 /* LeetCodeProject */;
			targetProxy = 922286B02108934D009739B6 /* PBXContainerItemProxy */;
		};
		922286BC2108934D009739B6 /* PBXTargetDependency */ = {
			isa = PBXTargetDependency;
			target = 9222869A2108934C009739B6 /* LeetCodeProject */;
			targetProxy = 922286BB2108934D009739B6 /* PBXContainerItemProxy */;
		};
/* End PBXTargetDependency section */

/* Begin PBXVariantGroup section */
		922286A22108934C009739B6 /* Main.storyboard */ = {
			isa = PBXVariantGroup;
			children = (
				922286A32108934C009739B6 /* Base */,
			);
			name = Main.storyboard;
			sourceTree = "<group>";
		};
		922286A72108934D009739B6 /* LaunchScreen.storyboard */ = {
			isa = PBXVariantGroup;
			children = (
				922286A82108934D009739B6 /* Base */,
			);
			name = LaunchScreen.storyboard;
			sourceTree = "<group>";
		};
/* End PBXVariantGroup section */

/* Begin XCBuildConfiguration section */
		922286C12108934D009739B6 /* Debug */ = {
			isa = XCBuildConfiguration;
			buildSettings = {
				ALWAYS_SEARCH_USER_PATHS = NO;
				CLANG_ANALYZER_NONNULL = YES;
				CLANG_ANALYZER_NUMBER_OBJECT_CONVERSION = YES_AGGRESSIVE;
				CLANG_CXX_LANGUAGE_STANDARD = "gnu++14";
				CLANG_CXX_LIBRARY = "libc++";
				CLANG_ENABLE_MODULES = YES;
				CLANG_ENABLE_OBJC_ARC = YES;
				CLANG_ENABLE_OBJC_WEAK = YES;
				CLANG_WARN_BLOCK_CAPTURE_AUTORELEASING = YES;
				CLANG_WARN_BOOL_CONVERSION = YES;
				CLANG_WARN_COMMA = YES;
				CLANG_WARN_CONSTANT_CONVERSION = YES;
				CLANG_WARN_DEPRECATED_OBJC_IMPLEMENTATIONS = YES;
				CLANG_WARN_DIRECT_OBJC_ISA_USAGE = YES_ERROR;
				CLANG_WARN_DOCUMENTATION_COMMENTS = YES;
				CLANG_WARN_EMPTY_BODY = YES;
				CLANG_WARN_ENUM_CONVERSION = YES;
				CLANG_WARN_INFINITE_RECURSION = YES;
				CLANG_WARN_INT_CONVERSION = YES;
				CLANG_WARN_NON_LITERAL_NULL_CONVERSION = YES;
				CLANG_WARN_OBJC_IMPLICIT_RETAIN_SELF = YES;
				CLANG_WARN_OBJC_LITERAL_CONVERSION = YES;
				CLANG_WARN_OBJC_ROOT_CLASS = YES_ERROR;
				CLANG_WARN_RANGE_LOOP_ANALYSIS = YES;
				CLANG_WARN_STRICT_PROTOTYPES = YES;
				CLANG_WARN_SUSPICIOUS_MOVE = YES;
				CLANG_WARN_UNGUARDED_AVAILABILITY = YES_AGGRESSIVE;
				CLANG_WARN_UNREACHABLE_CODE = YES;
				CLANG_WARN__DUPLICATE_METHOD_MATCH = YES;
				CODE_SIGN_IDENTITY = "iPhone Developer";
				COPY_PHASE_STRIP = NO;
				DEBUG_INFORMATION_FORMAT = dwarf;
				ENABLE_STRICT_OBJC_MSGSEND = YES;
				ENABLE_TESTABILITY = YES;
				GCC_C_LANGUAGE_STANDARD = gnu11;
				GCC_DYNAMIC_NO_PIC = NO;
				GCC_NO_COMMON_BLOCKS = YES;
				GCC_OPTIMIZATION_LEVEL = 0;
				GCC_PREPROCESSOR_DEFINITIONS = (
					"DEBUG=1",
					"$(inherited)",
				);
				GCC_WARN_64_TO_32_BIT_CONVERSION = YES;
				GCC_WARN_ABOUT_RETURN_TYPE = YES_ERROR;
				GCC_WARN_UNDECLARED_SELECTOR = YES;
				GCC_WARN_UNINITIALIZED_AUTOS = YES_AGGRESSIVE;
				GCC_WARN_UNUSED_FUNCTION = YES;
				GCC_WARN_UNUSED_VARIABLE = YES;
				IPHONEOS_DEPLOYMENT_TARGET = 11.4;
				MTL_ENABLE_DEBUG_INFO = YES;
				ONLY_ACTIVE_ARCH = YES;
				SDKROOT = iphoneos;
				SWIFT_ACTIVE_COMPILATION_CONDITIONS = DEBUG;
				SWIFT_OPTIMIZATION_LEVEL = "-Onone";
			};
			name = Debug;
		};
		922286C22108934D009739B6 /* Release */ = {
			isa = XCBuildConfiguration;
			buildSettings = {
				ALWAYS_SEARCH_USER_PATHS = NO;
				CLANG_ANALYZER_NONNULL = YES;
				CLANG_ANALYZER_NUMBER_OBJECT_CONVERSION = YES_AGGRESSIVE;
				CLANG_CXX_LANGUAGE_STANDARD = "gnu++14";
				CLANG_CXX_LIBRARY = "libc++";
				CLANG_ENABLE_MODULES = YES;
				CLANG_ENABLE_OBJC_ARC = YES;
				CLANG_ENABLE_OBJC_WEAK = YES;
				CLANG_WARN_BLOCK_CAPTURE_AUTORELEASING = YES;
				CLANG_WARN_BOOL_CONVERSION = YES;
				CLANG_WARN_COMMA = YES;
				CLANG_WARN_CONSTANT_CONVERSION = YES;
				CLANG_WARN_DEPRECATED_OBJC_IMPLEMENTATIONS = YES;
				CLANG_WARN_DIRECT_OBJC_ISA_USAGE = YES_ERROR;
				CLANG_WARN_DOCUMENTATION_COMMENTS = YES;
				CLANG_WARN_EMPTY_BODY = YES;
				CLANG_WARN_ENUM_CONVERSION = YES;
				CLANG_WARN_INFINITE_RECURSION = YES;
				CLANG_WARN_INT_CONVERSION = YES;
				CLANG_WARN_NON_LITERAL_NULL_CONVERSION = YES;
				CLANG_WARN_OBJC_IMPLICIT_RETAIN_SELF = YES;
				CLANG_WARN_OBJC_LITERAL_CONVERSION = YES;
				CLANG_WARN_OBJC_ROOT_CLASS = YES_ERROR;
				CLANG_WARN_RANGE_LOOP_ANALYSIS = YES;
				CLANG_WARN_STRICT_PROTOTYPES = YES;
				CLANG_WARN_SUSPICIOUS_MOVE = YES;
				CLANG_WARN_UNGUARDED_AVAILABILITY = YES_AGGRESSIVE;
				CLANG_WARN_UNREACHABLE_CODE = YES;
				CLANG_WARN__DUPLICATE_METHOD_MATCH = YES;
				CODE_SIGN_IDENTITY = "iPhone Developer";
				COPY_PHASE_STRIP = NO;
				DEBUG_INFORMATION_FORMAT = "dwarf-with-dsym";
				ENABLE_NS_ASSERTIONS = NO;
				ENABLE_STRICT_OBJC_MSGSEND = YES;
				GCC_C_LANGUAGE_STANDARD = gnu11;
				GCC_NO_COMMON_BLOCKS = YES;
				GCC_WARN_64_TO_32_BIT_CONVERSION = YES;
				GCC_WARN_ABOUT_RETURN_TYPE = YES_ERROR;
				GCC_WARN_UNDECLARED_SELECTOR = YES;
				GCC_WARN_UNINITIALIZED_AUTOS = YES_AGGRESSIVE;
				GCC_WARN_UNUSED_FUNCTION = YES;
				GCC_WARN_UNUSED_VARIABLE = YES;
				IPHONEOS_DEPLOYMENT_TARGET = 11.4;
				MTL_ENABLE_DEBUG_INFO = NO;
				SDKROOT = iphoneos;
				SWIFT_COMPILATION_MODE = wholemodule;
				SWIFT_OPTIMIZATION_LEVEL = "-O";
				VALIDATE_PRODUCT = YES;
			};
			name = Release;
		};
		922286C42108934D009739B6 /* Debug */ = {
			isa = XCBuildConfiguration;
			baseConfigurationReference = 02396FFC2DAF7D9EFAF7E7EC /* Pods-LeetCodeProject.debug.xcconfig */;
			buildSettings = {
				ASSETCATALOG_COMPILER_APPICON_NAME = AppIcon;
				CODE_SIGN_STYLE = Automatic;
				DEVELOPMENT_TEAM = 43X54L77TV;
				INFOPLIST_FILE = LeetCodeProject/Info.plist;
				LD_RUNPATH_SEARCH_PATHS = (
					"$(inherited)",
					"@executable_path/Frameworks",
				);
				PRODUCT_BUNDLE_IDENTIFIER = cn.com.luomengge.LeetCodeProject;
				PRODUCT_NAME = "$(TARGET_NAME)";
				SWIFT_VERSION = 4.0;
				TARGETED_DEVICE_FAMILY = "1,2";
			};
			name = Debug;
		};
		922286C52108934D009739B6 /* Release */ = {
			isa = XCBuildConfiguration;
			baseConfigurationReference = B82F7E94A855B418EECB1944 /* Pods-LeetCodeProject.release.xcconfig */;
			buildSettings = {
				ASSETCATALOG_COMPILER_APPICON_NAME = AppIcon;
				CODE_SIGN_STYLE = Automatic;
				DEVELOPMENT_TEAM = 43X54L77TV;
				INFOPLIST_FILE = LeetCodeProject/Info.plist;
				LD_RUNPATH_SEARCH_PATHS = (
					"$(inherited)",
					"@executable_path/Frameworks",
				);
				PRODUCT_BUNDLE_IDENTIFIER = cn.com.luomengge.LeetCodeProject;
				PRODUCT_NAME = "$(TARGET_NAME)";
				SWIFT_VERSION = 4.0;
				TARGETED_DEVICE_FAMILY = "1,2";
			};
			name = Release;
		};
		922286C72108934D009739B6 /* Debug */ = {
			isa = XCBuildConfiguration;
			baseConfigurationReference = 97951AA6B18E5468E1B7D552 /* Pods-LeetCodeProjectTests.debug.xcconfig */;
			buildSettings = {
				ALWAYS_EMBED_SWIFT_STANDARD_LIBRARIES = YES;
				BUNDLE_LOADER = "$(TEST_HOST)";
				CODE_SIGN_STYLE = Automatic;
				DEVELOPMENT_TEAM = 43X54L77TV;
				INFOPLIST_FILE = LeetCodeProjectTests/Info.plist;
				LD_RUNPATH_SEARCH_PATHS = (
					"$(inherited)",
					"@executable_path/Frameworks",
					"@loader_path/Frameworks",
				);
				PRODUCT_BUNDLE_IDENTIFIER = cn.com.luomengge.LeetCodeProjectTests;
				PRODUCT_NAME = "$(TARGET_NAME)";
				SWIFT_VERSION = 4.0;
				TARGETED_DEVICE_FAMILY = "1,2";
				TEST_HOST = "$(BUILT_PRODUCTS_DIR)/LeetCodeProject.app/LeetCodeProject";
			};
			name = Debug;
		};
		922286C82108934D009739B6 /* Release */ = {
			isa = XCBuildConfiguration;
			baseConfigurationReference = 679AC70CF92D09EC2F2BE1AE /* Pods-LeetCodeProjectTests.release.xcconfig */;
			buildSettings = {
				ALWAYS_EMBED_SWIFT_STANDARD_LIBRARIES = YES;
				BUNDLE_LOADER = "$(TEST_HOST)";
				CODE_SIGN_STYLE = Automatic;
				DEVELOPMENT_TEAM = 43X54L77TV;
				INFOPLIST_FILE = LeetCodeProjectTests/Info.plist;
				LD_RUNPATH_SEARCH_PATHS = (
					"$(inherited)",
					"@executable_path/Frameworks",
					"@loader_path/Frameworks",
				);
				PRODUCT_BUNDLE_IDENTIFIER = cn.com.luomengge.LeetCodeProjectTests;
				PRODUCT_NAME = "$(TARGET_NAME)";
				SWIFT_VERSION = 4.0;
				TARGETED_DEVICE_FAMILY = "1,2";
				TEST_HOST = "$(BUILT_PRODUCTS_DIR)/LeetCodeProject.app/LeetCodeProject";
			};
			name = Release;
		};
		922286CA2108934D009739B6 /* Debug */ = {
			isa = XCBuildConfiguration;
			baseConfigurationReference = A61F4E7E15B2692316A1D8EA /* Pods-LeetCodeProjectUITests.debug.xcconfig */;
			buildSettings = {
				ALWAYS_EMBED_SWIFT_STANDARD_LIBRARIES = YES;
				CODE_SIGN_STYLE = Automatic;
				DEVELOPMENT_TEAM = 43X54L77TV;
				INFOPLIST_FILE = LeetCodeProjectUITests/Info.plist;
				LD_RUNPATH_SEARCH_PATHS = (
					"$(inherited)",
					"@executable_path/Frameworks",
					"@loader_path/Frameworks",
				);
				PRODUCT_BUNDLE_IDENTIFIER = cn.com.luomengge.LeetCodeProjectUITests;
				PRODUCT_NAME = "$(TARGET_NAME)";
				SWIFT_VERSION = 4.0;
				TARGETED_DEVICE_FAMILY = "1,2";
				TEST_TARGET_NAME = LeetCodeProject;
			};
			name = Debug;
		};
		922286CB2108934D009739B6 /* Release */ = {
			isa = XCBuildConfiguration;
			baseConfigurationReference = 7A63C4ACF62992790C5CCFB1 /* Pods-LeetCodeProjectUITests.release.xcconfig */;
			buildSettings = {
				ALWAYS_EMBED_SWIFT_STANDARD_LIBRARIES = YES;
				CODE_SIGN_STYLE = Automatic;
				DEVELOPMENT_TEAM = 43X54L77TV;
				INFOPLIST_FILE = LeetCodeProjectUITests/Info.plist;
				LD_RUNPATH_SEARCH_PATHS = (
					"$(inherited)",
					"@executable_path/Frameworks",
					"@loader_path/Frameworks",
				);
				PRODUCT_BUNDLE_IDENTIFIER = cn.com.luomengge.LeetCodeProjectUITests;
				PRODUCT_NAME = "$(TARGET_NAME)";
				SWIFT_VERSION = 4.0;
				TARGETED_DEVICE_FAMILY = "1,2";
				TEST_TARGET_NAME = LeetCodeProject;
			};
			name = Release;
		};
/* End XCBuildConfiguration section */

/* Begin XCConfigurationList section */
		922286962108934C009739B6 /* Build configuration list for PBXProject "LeetCodeProject" */ = {
			isa = XCConfigurationList;
			buildConfigurations = (
				922286C12108934D009739B6 /* Debug */,
				922286C22108934D009739B6 /* Release */,
			);
			defaultConfigurationIsVisible = 0;
			defaultConfigurationName = Release;
		};
		922286C32108934D009739B6 /* Build configuration list for PBXNativeTarget "LeetCodeProject" */ = {
			isa = XCConfigurationList;
			buildConfigurations = (
				922286C42108934D009739B6 /* Debug */,
				922286C52108934D009739B6 /* Release */,
			);
			defaultConfigurationIsVisible = 0;
			defaultConfigurationName = Release;
		};
		922286C62108934D009739B6 /* Build configuration list for PBXNativeTarget "LeetCodeProjectTests" */ = {
			isa = XCConfigurationList;
			buildConfigurations = (
				922286C72108934D009739B6 /* Debug */,
				922286C82108934D009739B6 /* Release */,
			);
			defaultConfigurationIsVisible = 0;
			defaultConfigurationName = Release;
		};
		922286C92108934D009739B6 /* Build configuration list for PBXNativeTarget "LeetCodeProjectUITests" */ = {
			isa = XCConfigurationList;
			buildConfigurations = (
				922286CA2108934D009739B6 /* Debug */,
				922286CB2108934D009739B6 /* Release */,
			);
			defaultConfigurationIsVisible = 0;
			defaultConfigurationName = Release;
		};
/* End XCConfigurationList section */
	};
	rootObject = 922286932108934C009739B6 /* Project object */;
}
